
Microsoft Visual Studio Solution File, Format Version 12.00
# Visual Studio Version 17
VisualStudioVersion = 17.9.34723.18
MinimumVisualStudioVersion = 10.0.40219.1
Project("{FAE04EC0-301F-11D3-BF4B-00C04F79EFBC}") = "MyWindowServiceApplication", "MyWindowServiceApplication.csproj", "{56205530-C4DE-4D58-AA18-07A70BF79835}"
EndProject
Global
	GlobalSection(SolutionConfigurationPlatforms) = preSolution
		Debug|Any CPU = Debug|Any CPU
		Release|Any CPU = Release|Any CPU
	EndGlobalSection
	GlobalSection(ProjectConfigurationPlatforms) = postSolution
		{56205530-C4DE-4D58-AA18-07A70BF79835}.Debug|Any CPU.ActiveCfg = Debug|Any CPU
		{56205530-C4DE-4D58-AA18-07A70BF79835}.Debug|Any CPU.Build.0 = Debug|Any CPU
		{56205530-C4DE-4D58-AA18-07A70BF79835}.Release|Any CPU.ActiveCfg = Release|Any CPU
		{56205530-C4DE-4D58-AA18-07A70BF79835}.Release|Any CPU.Build.0 = Release|Any CPU
	EndGlobalSection
	GlobalSection(SolutionProperties) = preSolution
		HideSolutionNode = FALSE
	EndGlobalSection
	GlobalSection(ExtensibilityGlobals) = postSolution
		SolutionGuid = {1787E9DB-1EF6-4ABD-A215-462DD819EE2F}
	EndGlobalSection
EndGlobal
